// !$*UTF8*$!
{
	archiveVersion = 1;
	classes = {
	};
	objectVersion = 56;
	objects = {

/* Begin PBXBuildFile section */
		E30EA1C02C503759001179DD /* RemoteImage.swift in Sources */ = {isa = PBXBuildFile; fileRef = E30EA1BF2C503759001179DD /* RemoteImage.swift */; };
		E30EA1CF2C519A6F001179DD /* AppetizerDetailView.swift in Sources */ = {isa = PBXBuildFile; fileRef = E30EA1CE2C519A6F001179DD /* AppetizerDetailView.swift */; };
		E361D2E72C46D37D0076639C /* AppetizersApp.swift in Sources */ = {isa = PBXBuildFile; fileRef = E361D2E62C46D37D0076639C /* AppetizersApp.swift */; };
		E361D2E92C46D37D0076639C /* AppetizerTabView.swift in Sources */ = {isa = PBXBuildFile; fileRef = E361D2E82C46D37D0076639C /* AppetizerTabView.swift */; };
		E361D2EB2C46D3800076639C /* Assets.xcassets in Resources */ = {isa = PBXBuildFile; fileRef = E361D2EA2C46D3800076639C /* Assets.xcassets */; };
		E361D2EE2C46D3800076639C /* Preview Assets.xcassets in Resources */ = {isa = PBXBuildFile; fileRef = E361D2ED2C46D3800076639C /* Preview Assets.xcassets */; };
		E361D2F72C46D4210076639C /* AccountView.swift in Sources */ = {isa = PBXBuildFile; fileRef = E361D2F62C46D4200076639C /* AccountView.swift */; };
		E361D2F92C46D42D0076639C /* OrderView.swift in Sources */ = {isa = PBXBuildFile; fileRef = E361D2F82C46D42D0076639C /* OrderView.swift */; };
		E361D2FB2C46DF890076639C /* Appetizer.swift in Sources */ = {isa = PBXBuildFile; fileRef = E361D2FA2C46DF890076639C /* Appetizer.swift */; };
		E361D2FD2C470AFA0076639C /* AppetizerListCell.swift in Sources */ = {isa = PBXBuildFile; fileRef = E361D2FC2C470AFA0076639C /* AppetizerListCell.swift */; };
		E361D2FF2C470C990076639C /* AppetizerListView.swift in Sources */ = {isa = PBXBuildFile; fileRef = E361D2FE2C470C990076639C /* AppetizerListView.swift */; };
		E361D3012C47EAA80076639C /* NetworkManager.swift in Sources */ = {isa = PBXBuildFile; fileRef = E361D3002C47EAA80076639C /* NetworkManager.swift */; };
		E361D3032C47EC2C0076639C /* APError.swift in Sources */ = {isa = PBXBuildFile; fileRef = E361D3022C47EC2C0076639C /* APError.swift */; };
		E39070602C595CE10070C9D1 /* User.swift in Sources */ = {isa = PBXBuildFile; fileRef = E390705F2C595CE10070C9D1 /* User.swift */; };
		E3B2D2562C5807AD0058E059 /* AccountViewModel.swift in Sources */ = {isa = PBXBuildFile; fileRef = E3B2D2552C5807AD0058E059 /* AccountViewModel.swift */; };
		E3B2D2582C5809860058E059 /* String+Ext.swift in Sources */ = {isa = PBXBuildFile; fileRef = E3B2D2572C5809860058E059 /* String+Ext.swift */; };
		E3C1926D2C49ACA000DE215B /* AppetizerListViewModel.swift in Sources */ = {isa = PBXBuildFile; fileRef = E3C1926C2C49ACA000DE215B /* AppetizerListViewModel.swift */; };
		E3C1926F2C4AD85F00DE215B /* Alert.swift in Sources */ = {isa = PBXBuildFile; fileRef = E3C1926E2C4AD85F00DE215B /* Alert.swift */; };
		E3DD68AE2C4C8E310073C60A /* LoadingView.swift in Sources */ = {isa = PBXBuildFile; fileRef = E3DD68AD2C4C8E310073C60A /* LoadingView.swift */; };
		E3DD68B02C4C8F4E0073C60A /* Color+Ext.swift in Sources */ = {isa = PBXBuildFile; fileRef = E3DD68AF2C4C8F4E0073C60A /* Color+Ext.swift */; };
/* End PBXBuildFile section */

/* Begin PBXFileReference section */
		E30EA1BF2C503759001179DD /* RemoteImage.swift */ = {isa = PBXFileReference; lastKnownFileType = sourcecode.swift; path = RemoteImage.swift; sourceTree = "<group>"; };
		E30EA1CE2C519A6F001179DD /* AppetizerDetailView.swift */ = {isa = PBXFileReference; lastKnownFileType = sourcecode.swift; path = AppetizerDetailView.swift; sourceTree = "<group>"; };
		E361D2E32C46D37D0076639C /* Appetizers.app */ = {isa = PBXFileReference; explicitFileType = wrapper.application; includeInIndex = 0; path = Appetizers.app; sourceTree = BUILT_PRODUCTS_DIR; };
		E361D2E62C46D37D0076639C /* AppetizersApp.swift */ = {isa = PBXFileReference; lastKnownFileType = sourcecode.swift; path = AppetizersApp.swift; sourceTree = "<group>"; };
		E361D2E82C46D37D0076639C /* AppetizerTabView.swift */ = {isa = PBXFileReference; lastKnownFileType = sourcecode.swift; path = AppetizerTabView.swift; sourceTree = "<group>"; };
		E361D2EA2C46D3800076639C /* Assets.xcassets */ = {isa = PBXFileReference; lastKnownFileType = folder.assetcatalog; path = Assets.xcassets; sourceTree = "<group>"; };
		E361D2ED2C46D3800076639C /* Preview Assets.xcassets */ = {isa = PBXFileReference; lastKnownFileType = folder.assetcatalog; path = "Preview Assets.xcassets"; sourceTree = "<group>"; };
		E361D2F62C46D4200076639C /* AccountView.swift */ = {isa = PBXFileReference; lastKnownFileType = sourcecode.swift; path = AccountView.swift; sourceTree = "<group>"; };
		E361D2F82C46D42D0076639C /* OrderView.swift */ = {isa = PBXFileReference; lastKnownFileType = sourcecode.swift; path = OrderView.swift; sourceTree = "<group>"; };
		E361D2FA2C46DF890076639C /* Appetizer.swift */ = {isa = PBXFileReference; lastKnownFileType = sourcecode.swift; path = Appetizer.swift; sourceTree = "<group>"; };
		E361D2FC2C470AFA0076639C /* AppetizerListCell.swift */ = {isa = PBXFileReference; lastKnownFileType = sourcecode.swift; path = AppetizerListCell.swift; sourceTree = "<group>"; };
		E361D2FE2C470C990076639C /* AppetizerListView.swift */ = {isa = PBXFileReference; fileEncoding = 4; lastKnownFileType = sourcecode.swift; path = AppetizerListView.swift; sourceTree = "<group>"; };
		E361D3002C47EAA80076639C /* NetworkManager.swift */ = {isa = PBXFileReference; lastKnownFileType = sourcecode.swift; path = NetworkManager.swift; sourceTree = "<group>"; };
		E361D3022C47EC2C0076639C /* APError.swift */ = {isa = PBXFileReference; lastKnownFileType = sourcecode.swift; path = APError.swift; sourceTree = "<group>"; };
		E390705F2C595CE10070C9D1 /* User.swift */ = {isa = PBXFileReference; lastKnownFileType = sourcecode.swift; path = User.swift; sourceTree = "<group>"; };
		E3B2D2552C5807AD0058E059 /* AccountViewModel.swift */ = {isa = PBXFileReference; lastKnownFileType = sourcecode.swift; path = AccountViewModel.swift; sourceTree = "<group>"; };
		E3B2D2572C5809860058E059 /* String+Ext.swift */ = {isa = PBXFileReference; lastKnownFileType = sourcecode.swift; path = "String+Ext.swift"; sourceTree = "<group>"; };
		E3C1926C2C49ACA000DE215B /* AppetizerListViewModel.swift */ = {isa = PBXFileReference; lastKnownFileType = sourcecode.swift; path = AppetizerListViewModel.swift; sourceTree = "<group>"; };
		E3C1926E2C4AD85F00DE215B /* Alert.swift */ = {isa = PBXFileReference; lastKnownFileType = sourcecode.swift; path = Alert.swift; sourceTree = "<group>"; };
		E3DD68AD2C4C8E310073C60A /* LoadingView.swift */ = {isa = PBXFileReference; lastKnownFileType = sourcecode.swift; path = LoadingView.swift; sourceTree = "<group>"; };
		E3DD68AF2C4C8F4E0073C60A /* Color+Ext.swift */ = {isa = PBXFileReference; lastKnownFileType = sourcecode.swift; path = "Color+Ext.swift"; sourceTree = "<group>"; };
/* End PBXFileReference section */

/* Begin PBXFrameworksBuildPhase section */
		E361D2E02C46D37D0076639C /* Frameworks */ = {
			isa = PBXFrameworksBuildPhase;
			buildActionMask = 2147483647;
			files = (
			);
			runOnlyForDeploymentPostprocessing = 0;
		};
/* End PBXFrameworksBuildPhase section */

/* Begin PBXGroup section */
		E30EA1C12C51977E001179DD /* Screens */ = {
			isa = PBXGroup;
			children = (
				E361D2E82C46D37D0076639C /* AppetizerTabView.swift */,
				E30EA1C32C51979F001179DD /* AccountView */,
				E30EA1C22C51978F001179DD /* AppetizerListView */,
				E30EA1C42C5197A8001179DD /* OrderView */,
			);
			path = Screens;
			sourceTree = "<group>";
		};
		E30EA1C22C51978F001179DD /* AppetizerListView */ = {
			isa = PBXGroup;
			children = (
				E3C1926C2C49ACA000DE215B /* AppetizerListViewModel.swift */,
				E361D2FE2C470C990076639C /* AppetizerListView.swift */,
				E30EA1CE2C519A6F001179DD /* AppetizerDetailView.swift */,
			);
			path = AppetizerListView;
			sourceTree = "<group>";
		};
		E30EA1C32C51979F001179DD /* AccountView */ = {
			isa = PBXGroup;
			children = (
				E3B2D2552C5807AD0058E059 /* AccountViewModel.swift */,
				E361D2F62C46D4200076639C /* AccountView.swift */,
			);
			path = AccountView;
			sourceTree = "<group>";
		};
		E30EA1C42C5197A8001179DD /* OrderView */ = {
			isa = PBXGroup;
			children = (
				E361D2F82C46D42D0076639C /* OrderView.swift */,
			);
			path = OrderView;
			sourceTree = "<group>";
		};
		E30EA1C52C519808001179DD /* Utilities */ = {
			isa = PBXGroup;
			children = (
				E30EA1C82C519835001179DD /* Alerts */,
				E30EA1C72C51981B001179DD /* Extensions */,
				E30EA1C62C519811001179DD /* Managers */,
			);
			path = Utilities;
			sourceTree = "<group>";
		};
		E30EA1C62C519811001179DD /* Managers */ = {
			isa = PBXGroup;
			children = (
				E361D3002C47EAA80076639C /* NetworkManager.swift */,
			);
			path = Managers;
			sourceTree = "<group>";
		};
		E30EA1C72C51981B001179DD /* Extensions */ = {
			isa = PBXGroup;
			children = (
				E3DD68AF2C4C8F4E0073C60A /* Color+Ext.swift */,
				E3B2D2572C5809860058E059 /* String+Ext.swift */,
			);
			path = Extensions;
			sourceTree = "<group>";
		};
		E30EA1C82C519835001179DD /* Alerts */ = {
			isa = PBXGroup;
			children = (
				E361D3022C47EC2C0076639C /* APError.swift */,
				E3C1926E2C4AD85F00DE215B /* Alert.swift */,
			);
			path = Alerts;
			sourceTree = "<group>";
		};
		E30EA1C92C519860001179DD /* Model */ = {
			isa = PBXGroup;
			children = (
				E361D2FA2C46DF890076639C /* Appetizer.swift */,
				E390705F2C595CE10070C9D1 /* User.swift */,
			);
			path = Model;
			sourceTree = "<group>";
		};
		E30EA1CA2C519887001179DD /* Views */ = {
			isa = PBXGroup;
			children = (
				E30EA1CD2C5198A4001179DD /* Image */,
				E30EA1CC2C51989E001179DD /* Cells */,
				E30EA1CB2C51988F001179DD /* UIKitComponent */,
			);
			path = Views;
			sourceTree = "<group>";
		};
		E30EA1CB2C51988F001179DD /* UIKitComponent */ = {
			isa = PBXGroup;
			children = (
				E3DD68AD2C4C8E310073C60A /* LoadingView.swift */,
			);
			path = UIKitComponent;
			sourceTree = "<group>";
		};
		E30EA1CC2C51989E001179DD /* Cells */ = {
			isa = PBXGroup;
			children = (
				E361D2FC2C470AFA0076639C /* AppetizerListCell.swift */,
			);
			path = Cells;
			sourceTree = "<group>";
		};
		E30EA1CD2C5198A4001179DD /* Image */ = {
			isa = PBXGroup;
			children = (
				E30EA1BF2C503759001179DD /* RemoteImage.swift */,
			);
			path = Image;
			sourceTree = "<group>";
		};
		E361D2DA2C46D37D0076639C = {
			isa = PBXGroup;
			children = (
				E361D2E52C46D37D0076639C /* Appetizers */,
				E361D2E42C46D37D0076639C /* Products */,
			);
			sourceTree = "<group>";
		};
		E361D2E42C46D37D0076639C /* Products */ = {
			isa = PBXGroup;
			children = (
				E361D2E32C46D37D0076639C /* Appetizers.app */,
			);
			name = Products;
			sourceTree = "<group>";
		};
		E361D2E52C46D37D0076639C /* Appetizers */ = {
			isa = PBXGroup;
			children = (
				E30EA1C52C519808001179DD /* Utilities */,
				E30EA1C92C519860001179DD /* Model */,
				E30EA1CA2C519887001179DD /* Views */,
				E30EA1C12C51977E001179DD /* Screens */,
				E361D2E62C46D37D0076639C /* AppetizersApp.swift */,
				E361D2EA2C46D3800076639C /* Assets.xcassets */,
				E361D2EC2C46D3800076639C /* Preview Content */,
			);
			path = Appetizers;
			sourceTree = "<group>";
		};
		E361D2EC2C46D3800076639C /* Preview Content */ = {
			isa = PBXGroup;
			children = (
				E361D2ED2C46D3800076639C /* Preview Assets.xcassets */,
			);
			path = "Preview Content";
			sourceTree = "<group>";
		};
/* End PBXGroup section */

/* Begin PBXNativeTarget section */
		E361D2E22C46D37D0076639C /* Appetizers */ = {
			isa = PBXNativeTarget;
			buildConfigurationList = E361D2F12C46D3800076639C /* Build configuration list for PBXNativeTarget "Appetizers" */;
			buildPhases = (
				E361D2DF2C46D37D0076639C /* Sources */,
				E361D2E02C46D37D0076639C /* Frameworks */,
				E361D2E12C46D37D0076639C /* Resources */,
			);
			buildRules = (
			);
			dependencies = (
			);
			name = Appetizers;
			productName = Appetizers;
			productReference = E361D2E32C46D37D0076639C /* Appetizers.app */;
			productType = "com.apple.product-type.application";
		};
/* End PBXNativeTarget section */

/* Begin PBXProject section */
		E361D2DB2C46D37D0076639C /* Project object */ = {
			isa = PBXProject;
			attributes = {
				BuildIndependentTargetsInParallel = 1;
				LastSwiftUpdateCheck = 1510;
				LastUpgradeCheck = 1510;
				TargetAttributes = {
					E361D2E22C46D37D0076639C = {
						CreatedOnToolsVersion = 15.1;
					};
				};
			};
			buildConfigurationList = E361D2DE2C46D37D0076639C /* Build configuration list for PBXProject "Appetizers" */;
			compatibilityVersion = "Xcode 14.0";
			developmentRegion = en;
			hasScannedForEncodings = 0;
			knownRegions = (
				en,
				Base,
			);
			mainGroup = E361D2DA2C46D37D0076639C;
			productRefGroup = E361D2E42C46D37D0076639C /* Products */;
			projectDirPath = "";
			projectRoot = "";
			targets = (
				E361D2E22C46D37D0076639C /* Appetizers */,
			);
		};
/* End PBXProject section */

/* Begin PBXResourcesBuildPhase section */
		E361D2E12C46D37D0076639C /* Resources */ = {
			isa = PBXResourcesBuildPhase;
			buildActionMask = 2147483647;
			files = (
				E361D2EE2C46D3800076639C /* Preview Assets.xcassets in Resources */,
				E361D2EB2C46D3800076639C /* Assets.xcassets in Resources */,
			);
			runOnlyForDeploymentPostprocessing = 0;
		};
/* End PBXResourcesBuildPhase section */

/* Begin PBXSourcesBuildPhase section */
		E361D2DF2C46D37D0076639C /* Sources */ = {
			isa = PBXSourcesBuildPhase;
			buildActionMask = 2147483647;
			files = (
				E361D2FB2C46DF890076639C /* Appetizer.swift in Sources */,
				E361D3032C47EC2C0076639C /* APError.swift in Sources */,
				E361D2FF2C470C990076639C /* AppetizerListView.swift in Sources */,
				E3B2D2582C5809860058E059 /* String+Ext.swift in Sources */,
				E3C1926D2C49ACA000DE215B /* AppetizerListViewModel.swift in Sources */,
				E3DD68B02C4C8F4E0073C60A /* Color+Ext.swift in Sources */,
				E361D2FD2C470AFA0076639C /* AppetizerListCell.swift in Sources */,
				E3DD68AE2C4C8E310073C60A /* LoadingView.swift in Sources */,
				E361D2F72C46D4210076639C /* AccountView.swift in Sources */,
				E361D3012C47EAA80076639C /* NetworkManager.swift in Sources */,
				E30EA1C02C503759001179DD /* RemoteImage.swift in Sources */,
				E3B2D2562C5807AD0058E059 /* AccountViewModel.swift in Sources */,
				E30EA1CF2C519A6F001179DD /* AppetizerDetailView.swift in Sources */,
				E361D2E92C46D37D0076639C /* AppetizerTabView.swift in Sources */,
				E39070602C595CE10070C9D1 /* User.swift in Sources */,
				E3C1926F2C4AD85F00DE215B /* Alert.swift in Sources */,
				E361D2E72C46D37D0076639C /* AppetizersApp.swift in Sources */,
				E361D2F92C46D42D0076639C /* OrderView.swift in Sources */,
			);
			runOnlyForDeploymentPostprocessing = 0;
		};
/* End PBXSourcesBuildPhase section */

/* Begin XCBuildConfiguration section */
		E361D2EF2C46D3800076639C /* Debug */ = {
			isa = XCBuildConfiguration;
			buildSettings = {
				ALWAYS_SEARCH_USER_PATHS = NO;
				ASSETCATALOG_COMPILER_GENERATE_SWIFT_ASSET_SYMBOL_EXTENSIONS = YES;
				CLANG_ANALYZER_NONNULL = YES;
				CLANG_ANALYZER_NUMBER_OBJECT_CONVERSION = YES_AGGRESSIVE;
				CLANG_CXX_LANGUAGE_STANDARD = "gnu++20";
				CLANG_ENABLE_MODULES = YES;
				CLANG_ENABLE_OBJC_ARC = YES;
				CLANG_ENABLE_OBJC_WEAK = YES;
				CLANG_WARN_BLOCK_CAPTURE_AUTORELEASING = YES;
				CLANG_WARN_BOOL_CONVERSION = YES;
				CLANG_WARN_COMMA = YES;
				CLANG_WARN_CONSTANT_CONVERSION = YES;
				CLANG_WARN_DEPRECATED_OBJC_IMPLEMENTATIONS = YES;
				CLANG_WARN_DIRECT_OBJC_ISA_USAGE = YES_ERROR;
				CLANG_WARN_DOCUMENTATION_COMMENTS = YES;
				CLANG_WARN_EMPTY_BODY = YES;
				CLANG_WARN_ENUM_CONVERSION = YES;
				CLANG_WARN_INFINITE_RECURSION = YES;
				CLANG_WARN_INT_CONVERSION = YES;
				CLANG_WARN_NON_LITERAL_NULL_CONVERSION = YES;
				CLANG_WARN_OBJC_IMPLICIT_RETAIN_SELF = YES;
				CLANG_WARN_OBJC_LITERAL_CONVERSION = YES;
				CLANG_WARN_OBJC_ROOT_CLASS = YES_ERROR;
				CLANG_WARN_QUOTED_INCLUDE_IN_FRAMEWORK_HEADER = YES;
				CLANG_WARN_RANGE_LOOP_ANALYSIS = YES;
				CLANG_WARN_STRICT_PROTOTYPES = YES;
				CLANG_WARN_SUSPICIOUS_MOVE = YES;
				CLANG_WARN_UNGUARDED_AVAILABILITY = YES_AGGRESSIVE;
				CLANG_WARN_UNREACHABLE_CODE = YES;
				CLANG_WARN__DUPLICATE_METHOD_MATCH = YES;
				COPY_PHASE_STRIP = NO;
				DEBUG_INFORMATION_FORMAT = dwarf;
				ENABLE_STRICT_OBJC_MSGSEND = YES;
				ENABLE_TESTABILITY = YES;
				ENABLE_USER_SCRIPT_SANDBOXING = YES;
				GCC_C_LANGUAGE_STANDARD = gnu17;
				GCC_DYNAMIC_NO_PIC = NO;
				GCC_NO_COMMON_BLOCKS = YES;
				GCC_OPTIMIZATION_LEVEL = 0;
				GCC_PREPROCESSOR_DEFINITIONS = (
					"DEBUG=1",
					"$(inherited)",
				);
				GCC_WARN_64_TO_32_BIT_CONVERSION = YES;
				GCC_WARN_ABOUT_RETURN_TYPE = YES_ERROR;
				GCC_WARN_UNDECLARED_SELECTOR = YES;
				GCC_WARN_UNINITIALIZED_AUTOS = YES_AGGRESSIVE;
				GCC_WARN_UNUSED_FUNCTION = YES;
				GCC_WARN_UNUSED_VARIABLE = YES;
				IPHONEOS_DEPLOYMENT_TARGET = 17.2;
				LOCALIZATION_PREFERS_STRING_CATALOGS = YES;
				MTL_ENABLE_DEBUG_INFO = INCLUDE_SOURCE;
				MTL_FAST_MATH = YES;
				ONLY_ACTIVE_ARCH = YES;
				SDKROOT = iphoneos;
				SWIFT_ACTIVE_COMPILATION_CONDITIONS = "DEBUG $(inherited)";
				SWIFT_OPTIMIZATION_LEVEL = "-Onone";
			};
			name = Debug;
		};
		E361D2F02C46D3800076639C /* Release */ = {
			isa = XCBuildConfiguration;
			buildSettings = {
				ALWAYS_SEARCH_USER_PATHS = NO;
				ASSETCATALOG_COMPILER_GENERATE_SWIFT_ASSET_SYMBOL_EXTENSIONS = YES;
				CLANG_ANALYZER_NONNULL = YES;
				CLANG_ANALYZER_NUMBER_OBJECT_CONVERSION = YES_AGGRESSIVE;
				CLANG_CXX_LANGUAGE_STANDARD = "gnu++20";
				CLANG_ENABLE_MODULES = YES;
				CLANG_ENABLE_OBJC_ARC = YES;
				CLANG_ENABLE_OBJC_WEAK = YES;
				CLANG_WARN_BLOCK_CAPTURE_AUTORELEASING = YES;
				CLANG_WARN_BOOL_CONVERSION = YES;
				CLANG_WARN_COMMA = YES;
				CLANG_WARN_CONSTANT_CONVERSION = YES;
				CLANG_WARN_DEPRECATED_OBJC_IMPLEMENTATIONS = YES;
				CLANG_WARN_DIRECT_OBJC_ISA_USAGE = YES_ERROR;
				CLANG_WARN_DOCUMENTATION_COMMENTS = YES;
				CLANG_WARN_EMPTY_BODY = YES;
				CLANG_WARN_ENUM_CONVERSION = YES;
				CLANG_WARN_INFINITE_RECURSION = YES;
				CLANG_WARN_INT_CONVERSION = YES;
				CLANG_WARN_NON_LITERAL_NULL_CONVERSION = YES;
				CLANG_WARN_OBJC_IMPLICIT_RETAIN_SELF = YES;
				CLANG_WARN_OBJC_LITERAL_CONVERSION = YES;
				CLANG_WARN_OBJC_ROOT_CLASS = YES_ERROR;
				CLANG_WARN_QUOTED_INCLUDE_IN_FRAMEWORK_HEADER = YES;
				CLANG_WARN_RANGE_LOOP_ANALYSIS = YES;
				CLANG_WARN_STRICT_PROTOTYPES = YES;
				CLANG_WARN_SUSPICIOUS_MOVE = YES;
				CLANG_WARN_UNGUARDED_AVAILABILITY = YES_AGGRESSIVE;
				CLANG_WARN_UNREACHABLE_CODE = YES;
				CLANG_WARN__DUPLICATE_METHOD_MATCH = YES;
				COPY_PHASE_STRIP = NO;
				DEBUG_INFORMATION_FORMAT = "dwarf-with-dsym";
				ENABLE_NS_ASSERTIONS = NO;
				ENABLE_STRICT_OBJC_MSGSEND = YES;
				ENABLE_USER_SCRIPT_SANDBOXING = YES;
				GCC_C_LANGUAGE_STANDARD = gnu17;
				GCC_NO_COMMON_BLOCKS = YES;
				GCC_WARN_64_TO_32_BIT_CONVERSION = YES;
				GCC_WARN_ABOUT_RETURN_TYPE = YES_ERROR;
				GCC_WARN_UNDECLARED_SELECTOR = YES;
				GCC_WARN_UNINITIALIZED_AUTOS = YES_AGGRESSIVE;
				GCC_WARN_UNUSED_FUNCTION = YES;
				GCC_WARN_UNUSED_VARIABLE = YES;
				IPHONEOS_DEPLOYMENT_TARGET = 17.2;
				LOCALIZATION_PREFERS_STRING_CATALOGS = YES;
				MTL_ENABLE_DEBUG_INFO = NO;
				MTL_FAST_MATH = YES;
				SDKROOT = iphoneos;
				SWIFT_COMPILATION_MODE = wholemodule;
				VALIDATE_PRODUCT = YES;
			};
			name = Release;
		};
		E361D2F22C46D3800076639C /* Debug */ = {
			isa = XCBuildConfiguration;
			buildSettings = {
				ASSETCATALOG_COMPILER_APPICON_NAME = AppIcon;
				ASSETCATALOG_COMPILER_GLOBAL_ACCENT_COLOR_NAME = AccentColor;
				CODE_SIGN_STYLE = Automatic;
				CURRENT_PROJECT_VERSION = 1;
				DEVELOPMENT_ASSET_PATHS = "\"Appetizers/Preview Content\"";
				DEVELOPMENT_TEAM = WB6BB5XZYA;
				ENABLE_PREVIEWS = YES;
				GENERATE_INFOPLIST_FILE = YES;
				INFOPLIST_KEY_UIApplicationSceneManifest_Generation = YES;
				INFOPLIST_KEY_UIApplicationSupportsIndirectInputEvents = YES;
				INFOPLIST_KEY_UILaunchScreen_Generation = YES;
				INFOPLIST_KEY_UISupportedInterfaceOrientations_iPad = "UIInterfaceOrientationPortrait UIInterfaceOrientationPortraitUpsideDown UIInterfaceOrientationLandscapeLeft UIInterfaceOrientationLandscapeRight";
				INFOPLIST_KEY_UISupportedInterfaceOrientations_iPhone = "UIInterfaceOrientationPortrait UIInterfaceOrientationLandscapeLeft UIInterfaceOrientationLandscapeRight";
				LD_RUNPATH_SEARCH_PATHS = (
					"$(inherited)",
					"@executable_path/Frameworks",
				);
				MARKETING_VERSION = 1.0;
				PRODUCT_BUNDLE_IDENTIFIER = io.damicodes.Appetizers;
				PRODUCT_NAME = "$(TARGET_NAME)";
				SWIFT_EMIT_LOC_STRINGS = YES;
				SWIFT_VERSION = 5.0;
				TARGETED_DEVICE_FAMILY = "1,2";
			};
			name = Debug;
		};
		E361D2F32C46D3800076639C /* Release */ = {
			isa = XCBuildConfiguration;
			buildSettings = {
				ASSETCATALOG_COMPILER_APPICON_NAME = AppIcon;
				ASSETCATALOG_COMPILER_GLOBAL_ACCENT_COLOR_NAME = AccentColor;
				CODE_SIGN_STYLE = Automatic;
				CURRENT_PROJECT_VERSION = 1;
				DEVELOPMENT_ASSET_PATHS = "\"Appetizers/Preview Content\"";
				DEVELOPMENT_TEAM = WB6BB5XZYA;
				ENABLE_PREVIEWS = YES;
				GENERATE_INFOPLIST_FILE = YES;
				INFOPLIST_KEY_UIApplicationSceneManifest_Generation = YES;
				INFOPLIST_KEY_UIApplicationSupportsIndirectInputEvents = YES;
				INFOPLIST_KEY_UILaunchScreen_Generation = YES;
				INFOPLIST_KEY_UISupportedInterfaceOrientations_iPad = "UIInterfaceOrientationPortrait UIInterfaceOrientationPortraitUpsideDown UIInterfaceOrientationLandscapeLeft UIInterfaceOrientationLandscapeRight";
				INFOPLIST_KEY_UISupportedInterfaceOrientations_iPhone = "UIInterfaceOrientationPortrait UIInterfaceOrientationLandscapeLeft UIInterfaceOrientationLandscapeRight";
				LD_RUNPATH_SEARCH_PATHS = (
					"$(inherited)",
					"@executable_path/Frameworks",
				);
				MARKETING_VERSION = 1.0;
				PRODUCT_BUNDLE_IDENTIFIER = io.damicodes.Appetizers;
				PRODUCT_NAME = "$(TARGET_NAME)";
				SWIFT_EMIT_LOC_STRINGS = YES;
				SWIFT_VERSION = 5.0;
				TARGETED_DEVICE_FAMILY = "1,2";
			};
			name = Release;
		};
/* End XCBuildConfiguration section */

/* Begin XCConfigurationList section */
		E361D2DE2C46D37D0076639C /* Build configuration list for PBXProject "Appetizers" */ = {
			isa = XCConfigurationList;
			buildConfigurations = (
				E361D2EF2C46D3800076639C /* Debug */,
				E361D2F02C46D3800076639C /* Release */,
			);
			defaultConfigurationIsVisible = 0;
			defaultConfigurationName = Release;
		};
		E361D2F12C46D3800076639C /* Build configuration list for PBXNativeTarget "Appetizers" */ = {
			isa = XCConfigurationList;
			buildConfigurations = (
				E361D2F22C46D3800076639C /* Debug */,
				E361D2F32C46D3800076639C /* Release */,
			);
			defaultConfigurationIsVisible = 0;
			defaultConfigurationName = Release;
		};
/* End XCConfigurationList section */
	};
	rootObject = E361D2DB2C46D37D0076639C /* Project object */;
}
